
Microsoft Visual Studio Solution File, Format Version 12.00
# Visual Studio Version 17
VisualStudioVersion = 17.14.36327.8 d17.14
MinimumVisualStudioVersion = 10.0.40219.1
Project("{FAE04EC0-301F-11D3-BF4B-00C04F79EFBC}") = "ToDoApp", "ToDoApp\ToDoApp.csproj", "{0D418DA0-FFCC-43AF-B37C-66F611A352F0}"
EndProject
Global
	GlobalSection(SolutionConfigurationPlatforms) = preSolution
		Debug|Any CPU = Debug|Any CPU
		Release|Any CPU = Release|Any CPU
	EndGlobalSection
	GlobalSection(ProjectConfigurationPlatforms) = postSolution
		{0D418DA0-FFCC-43AF-B37C-66F611A352F0}.Debug|Any CPU.ActiveCfg = Debug|Any CPU
		{0D418DA0-FFCC-43AF-B37C-66F611A352F0}.Debug|Any CPU.Build.0 = Debug|Any CPU
		{0D418DA0-FFCC-43AF-B37C-66F611A352F0}.Release|Any CPU.ActiveCfg = Release|Any CPU
		{0D418DA0-FFCC-43AF-B37C-66F611A352F0}.Release|Any CPU.Build.0 = Release|Any CPU
	EndGlobalSection
	GlobalSection(SolutionProperties) = preSolution
		HideSolutionNode = FALSE
	EndGlobalSection
	GlobalSection(ExtensibilityGlobals) = postSolution
		SolutionGuid = {DD4822D3-6EA7-4766-8EE8-8FD6729254D2}
	EndGlobalSection
EndGlobal
